// !$*UTF8*$!
{
	archiveVersion = 1;
	classes = {
	};
	objectVersion = 46;
	objects = {

/* Begin PBXBuildFile section */
		0807FA051831DF8800FD6F3E /* FaceThumbnailCropper.m in Sources */ = {isa = PBXBuildFile; fileRef = 0807F9FE1831DF8800FD6F3E /* FaceThumbnailCropper.m */; };
		0807FA061831DF8800FD6F3E /* ReKognitionResults.m in Sources */ = {isa = PBXBuildFile; fileRef = 0807FA001831DF8800FD6F3E /* ReKognitionResults.m */; };
		0807FA071831DF8800FD6F3E /* RekognitionSDK.m in Sources */ = {isa = PBXBuildFile; fileRef = 0807FA021831DF8800FD6F3E /* RekognitionSDK.m */; };
		0807FA081831DF8800FD6F3E /* UIImageRotationFixer.m in Sources */ = {isa = PBXBuildFile; fileRef = 0807FA041831DF8800FD6F3E /* UIImageRotationFixer.m */; };
		0807FA0B1831E01400FD6F3E /* RekoPipe.m in Sources */ = {isa = PBXBuildFile; fileRef = 0807FA0A1831E01400FD6F3E /* RekoPipe.m */; };
		0807FA0D1831E26E00FD6F3E /* CoreImage.framework in Frameworks */ = {isa = PBXBuildFile; fileRef = 0807FA0C1831E26E00FD6F3E /* CoreImage.framework */; };
		0807FA0F1831E28500FD6F3E /* AssetsLibrary.framework in Frameworks */ = {isa = PBXBuildFile; fileRef = 0807FA0E1831E28500FD6F3E /* AssetsLibrary.framework */; };
		0807FA111831E2B100FD6F3E /* ImageIO.framework in Frameworks */ = {isa = PBXBuildFile; fileRef = 0807FA101831E2B100FD6F3E /* ImageIO.framework */; };
		389A5BED121995A200B87185 /* QuartzCore.framework in Frameworks */ = {isa = PBXBuildFile; fileRef = 389A5BEC121995A200B87185 /* QuartzCore.framework */; };
		38AE3FAE121986F700E7D3B5 /* ExpandFromGridViewCell.m in Sources */ = {isa = PBXBuildFile; fileRef = 38AE3FAD121986F700E7D3B5 /* ExpandFromGridViewCell.m */; };
		38AE3FB112198A9D00E7D3B5 /* ExpandingGridViewController.m in Sources */ = {isa = PBXBuildFile; fileRef = 38AE3FB012198A9D00E7D3B5 /* ExpandingGridViewController.m */; };
		38D6F06D12197E62006909B6 /* UIKit.framework in Frameworks */ = {isa = PBXBuildFile; fileRef = 38D6F06C12197E62006909B6 /* UIKit.framework */; };
		38D6F06F12197E62006909B6 /* Foundation.framework in Frameworks */ = {isa = PBXBuildFile; fileRef = 38D6F06E12197E62006909B6 /* Foundation.framework */; };
		38D6F07112197E62006909B6 /* CoreGraphics.framework in Frameworks */ = {isa = PBXBuildFile; fileRef = 38D6F07012197E62006909B6 /* CoreGraphics.framework */; };
		38D6F07612197E62006909B6 /* InfoPlist.strings in Resources */ = {isa = PBXBuildFile; fileRef = 38D6F07412197E62006909B6 /* InfoPlist.strings */; };
		38D6F07812197E62006909B6 /* main.m in Sources */ = {isa = PBXBuildFile; fileRef = 38D6F07712197E62006909B6 /* main.m */; };
		38D6F07B12197E62006909B6 /* ExpanderDemoAppDelegate.m in Sources */ = {isa = PBXBuildFile; fileRef = 38D6F07A12197E62006909B6 /* ExpanderDemoAppDelegate.m */; };
		38D6F07E12197E62006909B6 /* MainWindow.xib in Resources */ = {isa = PBXBuildFile; fileRef = 38D6F07C12197E62006909B6 /* MainWindow.xib */; };
		38D6F08112197E62006909B6 /* ExpanderDemoViewController.m in Sources */ = {isa = PBXBuildFile; fileRef = 38D6F08012197E62006909B6 /* ExpanderDemoViewController.m */; };
		38D6F13C12198326006909B6 /* ImageGridViewCell.m in Sources */ = {isa = PBXBuildFile; fileRef = 38D6F13B12198326006909B6 /* ImageGridViewCell.m */; };
		4BFAC1141831919F00D2D420 /* AQGridView.m in Sources */ = {isa = PBXBuildFile; fileRef = 4BFAC0FE1831919F00D2D420 /* AQGridView.m */; };
		4BFAC1151831919F00D2D420 /* AQGridViewAnimatorItem.m in Sources */ = {isa = PBXBuildFile; fileRef = 4BFAC1021831919F00D2D420 /* AQGridViewAnimatorItem.m */; };
		4BFAC1161831919F00D2D420 /* AQGridViewCell.m in Sources */ = {isa = PBXBuildFile; fileRef = 4BFAC1041831919F00D2D420 /* AQGridViewCell.m */; };
		4BFAC1171831919F00D2D420 /* AQGridViewController.m in Sources */ = {isa = PBXBuildFile; fileRef = 4BFAC1071831919F00D2D420 /* AQGridViewController.m */; };
		4BFAC1181831919F00D2D420 /* AQGridViewData.m in Sources */ = {isa = PBXBuildFile; fileRef = 4BFAC1091831919F00D2D420 /* AQGridViewData.m */; };
		4BFAC1191831919F00D2D420 /* AQGridViewUpdateInfo.m in Sources */ = {isa = PBXBuildFile; fileRef = 4BFAC10B1831919F00D2D420 /* AQGridViewUpdateInfo.m */; };
		4BFAC11A1831919F00D2D420 /* AQGridViewUpdateItem.m in Sources */ = {isa = PBXBuildFile; fileRef = 4BFAC10D1831919F00D2D420 /* AQGridViewUpdateItem.m */; };
		4BFAC11B1831919F00D2D420 /* NSIndexSet+AQIndexesOutsideSet.m in Sources */ = {isa = PBXBuildFile; fileRef = 4BFAC10F1831919F00D2D420 /* NSIndexSet+AQIndexesOutsideSet.m */; };
		4BFAC11C1831919F00D2D420 /* NSIndexSet+AQIsSetContiguous.m in Sources */ = {isa = PBXBuildFile; fileRef = 4BFAC1111831919F00D2D420 /* NSIndexSet+AQIsSetContiguous.m */; };
		4BFAC11D1831919F00D2D420 /* UIColor+AQGridView.m in Sources */ = {isa = PBXBuildFile; fileRef = 4BFAC1131831919F00D2D420 /* UIColor+AQGridView.m */; };
		4BFAC123183191ED00D2D420 /* AQGridSelection.png in Resources */ = {isa = PBXBuildFile; fileRef = 4BFAC11E183191ED00D2D420 /* AQGridSelection.png */; };
		4BFAC124183191ED00D2D420 /* AQGridSelectionGray.png in Resources */ = {isa = PBXBuildFile; fileRef = 4BFAC11F183191ED00D2D420 /* AQGridSelectionGray.png */; };
		4BFAC125183191ED00D2D420 /* AQGridSelectionGrayBlue.png in Resources */ = {isa = PBXBuildFile; fileRef = 4BFAC120183191ED00D2D420 /* AQGridSelectionGrayBlue.png */; };
		4BFAC126183191ED00D2D420 /* AQGridSelectionGreen.png in Resources */ = {isa = PBXBuildFile; fileRef = 4BFAC121183191ED00D2D420 /* AQGridSelectionGreen.png */; };
		4BFAC127183191ED00D2D420 /* AQGridSelectionRed.png in Resources */ = {isa = PBXBuildFile; fileRef = 4BFAC122183191ED00D2D420 /* AQGridSelectionRed.png */; };
		4BFAC1A11831927B00D2D420 /* 3D-simplicity.png in Resources */ = {isa = PBXBuildFile; fileRef = 4BFAC1891831927B00D2D420 /* 3D-simplicity.png */; };
		4BFAC1A21831927B00D2D420 /* AppleTV-esque_by-mikelcroft_nl-1440.png in Resources */ = {isa = PBXBuildFile; fileRef = 4BFAC18A1831927B00D2D420 /* AppleTV-esque_by-mikelcroft_nl-1440.png */; };
		4BFAC1A31831927B00D2D420 /* batman_surfing_on_superman.png in Resources */ = {isa = PBXBuildFile; fileRef = 4BFAC18B1831927B00D2D420 /* batman_surfing_on_superman.png */; };
		4BFAC1A41831927B00D2D420 /* coffee-break_.png in Resources */ = {isa = PBXBuildFile; fileRef = 4BFAC18C1831927B00D2D420 /* coffee-break_.png */; };
		4BFAC1A51831927B00D2D420 /* colorful_1440x900.png in Resources */ = {isa = PBXBuildFile; fileRef = 4BFAC18D1831927B00D2D420 /* colorful_1440x900.png */; };
		4BFAC1A61831927B00D2D420 /* Composition53.png in Resources */ = {isa = PBXBuildFile; fileRef = 4BFAC18E1831927B00D2D420 /* Composition53.png */; };
		4BFAC1A71831927B00D2D420 /* Dragon.png in Resources */ = {isa = PBXBuildFile; fileRef = 4BFAC18F1831927B00D2D420 /* Dragon.png */; };
		4BFAC1A81831927B00D2D420 /* eclipse.png in Resources */ = {isa = PBXBuildFile; fileRef = 4BFAC1901831927B00D2D420 /* eclipse.png */; };
		4BFAC1A91831927B00D2D420 /* face.png in Resources */ = {isa = PBXBuildFile; fileRef = 4BFAC1911831927B00D2D420 /* face.png */; };
		4BFAC1AA1831927B00D2D420 /* focus.png in Resources */ = {isa = PBXBuildFile; fileRef = 4BFAC1921831927B00D2D420 /* focus.png */; };
		4BFAC1AB1831927B00D2D420 /* gbo.png in Resources */ = {isa = PBXBuildFile; fileRef = 4BFAC1931831927B00D2D420 /* gbo.png */; };
		4BFAC1AC1831927B00D2D420 /* Green_Plant_(2560x1600).png in Resources */ = {isa = PBXBuildFile; fileRef = 4BFAC1941831927B00D2D420 /* Green_Plant_(2560x1600).png */; };
		4BFAC1AD1831927B00D2D420 /* grounded.png in Resources */ = {isa = PBXBuildFile; fileRef = 4BFAC1951831927B00D2D420 /* grounded.png */; };
		4BFAC1AE1831927B00D2D420 /* happy.png in Resources */ = {isa = PBXBuildFile; fileRef = 4BFAC1961831927B00D2D420 /* happy.png */; };
		4BFAC1AF1831927B00D2D420 /* LeatherHoles-Apple.png in Resources */ = {isa = PBXBuildFile; fileRef = 4BFAC1971831927B00D2D420 /* LeatherHoles-Apple.png */; };
		4BFAC1B01831927B00D2D420 /* Let_it_snow_by_mj_coffeeholick.png in Resources */ = {isa = PBXBuildFile; fileRef = 4BFAC1981831927B00D2D420 /* Let_it_snow_by_mj_coffeeholick.png */; };
		4BFAC1B11831927B00D2D420 /* Luxury_Apple_by_Stratification.png in Resources */ = {isa = PBXBuildFile; fileRef = 4BFAC1991831927B00D2D420 /* Luxury_Apple_by_Stratification.png */; };
		4BFAC1B21831927B00D2D420 /* MacMini.png in Resources */ = {isa = PBXBuildFile; fileRef = 4BFAC19A1831927B00D2D420 /* MacMini.png */; };
		4BFAC1B31831927B00D2D420 /* SlaveKingGod.png in Resources */ = {isa = PBXBuildFile; fileRef = 4BFAC19B1831927B00D2D420 /* SlaveKingGod.png */; };
		4BFAC1B41831927B00D2D420 /* Snow_Leopard_by_vladstudio.png in Resources */ = {isa = PBXBuildFile; fileRef = 4BFAC19C1831927B00D2D420 /* Snow_Leopard_by_vladstudio.png */; };
		4BFAC1B51831927B00D2D420 /* Space Fold.png in Resources */ = {isa = PBXBuildFile; fileRef = 4BFAC19D1831927B00D2D420 /* Space Fold.png */; };
		4BFAC1B61831927B00D2D420 /* Stormcloud_Schmeisser.png in Resources */ = {isa = PBXBuildFile; fileRef = 4BFAC19E1831927B00D2D420 /* Stormcloud_Schmeisser.png */; };
		4BFAC1B71831927B00D2D420 /* tiamat.png in Resources */ = {isa = PBXBuildFile; fileRef = 4BFAC19F1831927B00D2D420 /* tiamat.png */; };
		4BFAC1B81831927B00D2D420 /* WTF.png in Resources */ = {isa = PBXBuildFile; fileRef = 4BFAC1A01831927B00D2D420 /* WTF.png */; };
/* End PBXBuildFile section */

/* Begin PBXFileReference section */
		0807F9FD1831DF8800FD6F3E /* FaceThumbnailCropper.h */ = {isa = PBXFileReference; fileEncoding = 4; lastKnownFileType = sourcecode.c.h; path = FaceThumbnailCropper.h; sourceTree = "<group>"; };
		0807F9FE1831DF8800FD6F3E /* FaceThumbnailCropper.m */ = {isa = PBXFileReference; fileEncoding = 4; lastKnownFileType = sourcecode.c.objc; path = FaceThumbnailCropper.m; sourceTree = "<group>"; };
		0807F9FF1831DF8800FD6F3E /* ReKognitionResults.h */ = {isa = PBXFileReference; fileEncoding = 4; lastKnownFileType = sourcecode.c.h; path = ReKognitionResults.h; sourceTree = "<group>"; };
		0807FA001831DF8800FD6F3E /* ReKognitionResults.m */ = {isa = PBXFileReference; fileEncoding = 4; lastKnownFileType = sourcecode.c.objc; path = ReKognitionResults.m; sourceTree = "<group>"; };
		0807FA011831DF8800FD6F3E /* ReKognitionSDK.h */ = {isa = PBXFileReference; fileEncoding = 4; lastKnownFileType = sourcecode.c.h; path = ReKognitionSDK.h; sourceTree = "<group>"; };
		0807FA021831DF8800FD6F3E /* RekognitionSDK.m */ = {isa = PBXFileReference; fileEncoding = 4; lastKnownFileType = sourcecode.c.objc; path = RekognitionSDK.m; sourceTree = "<group>"; };
		0807FA031831DF8800FD6F3E /* UIImageRotationFixer.h */ = {isa = PBXFileReference; fileEncoding = 4; lastKnownFileType = sourcecode.c.h; path = UIImageRotationFixer.h; sourceTree = "<group>"; };
		0807FA041831DF8800FD6F3E /* UIImageRotationFixer.m */ = {isa = PBXFileReference; fileEncoding = 4; lastKnownFileType = sourcecode.c.objc; path = UIImageRotationFixer.m; sourceTree = "<group>"; };
		0807FA091831E01400FD6F3E /* RekoPipe.h */ = {isa = PBXFileReference; fileEncoding = 4; lastKnownFileType = sourcecode.c.h; path = RekoPipe.h; sourceTree = "<group>"; };
		0807FA0A1831E01400FD6F3E /* RekoPipe.m */ = {isa = PBXFileReference; fileEncoding = 4; lastKnownFileType = sourcecode.c.objc; path = RekoPipe.m; sourceTree = "<group>"; };
		0807FA0C1831E26E00FD6F3E /* CoreImage.framework */ = {isa = PBXFileReference; lastKnownFileType = wrapper.framework; name = CoreImage.framework; path = System/Library/Frameworks/CoreImage.framework; sourceTree = SDKROOT; };
		0807FA0E1831E28500FD6F3E /* AssetsLibrary.framework */ = {isa = PBXFileReference; lastKnownFileType = wrapper.framework; name = AssetsLibrary.framework; path = System/Library/Frameworks/AssetsLibrary.framework; sourceTree = SDKROOT; };
		0807FA101831E2B100FD6F3E /* ImageIO.framework */ = {isa = PBXFileReference; lastKnownFileType = wrapper.framework; name = ImageIO.framework; path = System/Library/Frameworks/ImageIO.framework; sourceTree = SDKROOT; };
		389A5BEC121995A200B87185 /* QuartzCore.framework */ = {isa = PBXFileReference; lastKnownFileType = wrapper.framework; name = QuartzCore.framework; path = System/Library/Frameworks/QuartzCore.framework; sourceTree = SDKROOT; };
		38AE3FAC121986F700E7D3B5 /* ExpandFromGridViewCell.h */ = {isa = PBXFileReference; fileEncoding = 4; lastKnownFileType = sourcecode.c.h; path = ExpandFromGridViewCell.h; sourceTree = "<group>"; };
		38AE3FAD121986F700E7D3B5 /* ExpandFromGridViewCell.m */ = {isa = PBXFileReference; fileEncoding = 4; lastKnownFileType = sourcecode.c.objc; path = ExpandFromGridViewCell.m; sourceTree = "<group>"; };
		38AE3FAF12198A9D00E7D3B5 /* ExpandingGridViewController.h */ = {isa = PBXFileReference; explicitFileType = sourcecode.c.objc; fileEncoding = 4; path = ExpandingGridViewController.h; sourceTree = "<group>"; };
		38AE3FB012198A9D00E7D3B5 /* ExpandingGridViewController.m */ = {isa = PBXFileReference; explicitFileType = sourcecode.c.objc; fileEncoding = 4; path = ExpandingGridViewController.m; sourceTree = "<group>"; };
		38D6F06912197E62006909B6 /* ExpanderDemo.app */ = {isa = PBXFileReference; explicitFileType = wrapper.application; includeInIndex = 0; path = ExpanderDemo.app; sourceTree = BUILT_PRODUCTS_DIR; };
		38D6F06C12197E62006909B6 /* UIKit.framework */ = {isa = PBXFileReference; lastKnownFileType = wrapper.framework; name = UIKit.framework; path = System/Library/Frameworks/UIKit.framework; sourceTree = SDKROOT; };
		38D6F06E12197E62006909B6 /* Foundation.framework */ = {isa = PBXFileReference; lastKnownFileType = wrapper.framework; name = Foundation.framework; path = System/Library/Frameworks/Foundation.framework; sourceTree = SDKROOT; };
		38D6F07012197E62006909B6 /* CoreGraphics.framework */ = {isa = PBXFileReference; lastKnownFileType = wrapper.framework; name = CoreGraphics.framework; path = System/Library/Frameworks/CoreGraphics.framework; sourceTree = SDKROOT; };
		38D6F07212197E62006909B6 /* ExpanderDemo-Info.plist */ = {isa = PBXFileReference; lastKnownFileType = text.plist.xml; path = "ExpanderDemo-Info.plist"; sourceTree = "<group>"; };
		38D6F07312197E62006909B6 /* ExpanderDemo_Prefix.pch */ = {isa = PBXFileReference; lastKnownFileType = sourcecode.c.h; path = ExpanderDemo_Prefix.pch; sourceTree = "<group>"; };
		38D6F07512197E62006909B6 /* en */ = {isa = PBXFileReference; lastKnownFileType = text.plist.strings; name = en; path = en.lproj/InfoPlist.strings; sourceTree = "<group>"; };
		38D6F07712197E62006909B6 /* main.m */ = {isa = PBXFileReference; lastKnownFileType = sourcecode.c.objc; path = main.m; sourceTree = "<group>"; };
		38D6F07912197E62006909B6 /* ExpanderDemoAppDelegate.h */ = {isa = PBXFileReference; lastKnownFileType = sourcecode.c.h; path = ExpanderDemoAppDelegate.h; sourceTree = "<group>"; };
		38D6F07A12197E62006909B6 /* ExpanderDemoAppDelegate.m */ = {isa = PBXFileReference; lastKnownFileType = sourcecode.c.objc; path = ExpanderDemoAppDelegate.m; sourceTree = "<group>"; };
		38D6F07D12197E62006909B6 /* en */ = {isa = PBXFileReference; lastKnownFileType = file.xib; name = en; path = en.lproj/MainWindow.xib; sourceTree = "<group>"; };
		38D6F07F12197E62006909B6 /* ExpanderDemoViewController.h */ = {isa = PBXFileReference; lastKnownFileType = sourcecode.c.h; path = ExpanderDemoViewController.h; sourceTree = "<group>"; };
		38D6F08012197E62006909B6 /* ExpanderDemoViewController.m */ = {isa = PBXFileReference; lastKnownFileType = sourcecode.c.objc; path = ExpanderDemoViewController.m; sourceTree = "<group>"; };
		38D6F13A12198326006909B6 /* ImageGridViewCell.h */ = {isa = PBXFileReference; fileEncoding = 4; lastKnownFileType = sourcecode.c.h; path = ImageGridViewCell.h; sourceTree = "<group>"; };
		38D6F13B12198326006909B6 /* ImageGridViewCell.m */ = {isa = PBXFileReference; fileEncoding = 4; lastKnownFileType = sourcecode.c.objc; path = ImageGridViewCell.m; sourceTree = "<group>"; };
		4BFAC0FD1831919F00D2D420 /* AQGridView.h */ = {isa = PBXFileReference; fileEncoding = 4; lastKnownFileType = sourcecode.c.h; path = AQGridView.h; sourceTree = "<group>"; };
		4BFAC0FE1831919F00D2D420 /* AQGridView.m */ = {isa = PBXFileReference; fileEncoding = 4; lastKnownFileType = sourcecode.c.objc; path = AQGridView.m; sourceTree = "<group>"; };
		4BFAC0FF1831919F00D2D420 /* AQGridView+CellLayout.h */ = {isa = PBXFileReference; fileEncoding = 4; lastKnownFileType = sourcecode.c.h; path = "AQGridView+CellLayout.h"; sourceTree = "<group>"; };
		4BFAC1001831919F00D2D420 /* AQGridView+CellLocationDelegation.h */ = {isa = PBXFileReference; fileEncoding = 4; lastKnownFileType = sourcecode.c.h; path = "AQGridView+CellLocationDelegation.h"; sourceTree = "<group>"; };
		4BFAC1011831919F00D2D420 /* AQGridViewAnimatorItem.h */ = {isa = PBXFileReference; fileEncoding = 4; lastKnownFileType = sourcecode.c.h; path = AQGridViewAnimatorItem.h; sourceTree = "<group>"; };
		4BFAC1021831919F00D2D420 /* AQGridViewAnimatorItem.m */ = {isa = PBXFileReference; fileEncoding = 4; lastKnownFileType = sourcecode.c.objc; path = AQGridViewAnimatorItem.m; sourceTree = "<group>"; };
		4BFAC1031831919F00D2D420 /* AQGridViewCell.h */ = {isa = PBXFileReference; fileEncoding = 4; lastKnownFileType = sourcecode.c.h; path = AQGridViewCell.h; sourceTree = "<group>"; };
		4BFAC1041831919F00D2D420 /* AQGridViewCell.m */ = {isa = PBXFileReference; fileEncoding = 4; lastKnownFileType = sourcecode.c.objc; path = AQGridViewCell.m; sourceTree = "<group>"; };
		4BFAC1051831919F00D2D420 /* AQGridViewCell+AQGridViewCellPrivate.h */ = {isa = PBXFileReference; fileEncoding = 4; lastKnownFileType = sourcecode.c.h; path = "AQGridViewCell+AQGridViewCellPrivate.h"; sourceTree = "<group>"; };
		4BFAC1061831919F00D2D420 /* AQGridViewController.h */ = {isa = PBXFileReference; fileEncoding = 4; lastKnownFileType = sourcecode.c.h; path = AQGridViewController.h; sourceTree = "<group>"; };
		4BFAC1071831919F00D2D420 /* AQGridViewController.m */ = {isa = PBXFileReference; fileEncoding = 4; lastKnownFileType = sourcecode.c.objc; path = AQGridViewController.m; sourceTree = "<group>"; };
		4BFAC1081831919F00D2D420 /* AQGridViewData.h */ = {isa = PBXFileReference; fileEncoding = 4; lastKnownFileType = sourcecode.c.h; path = AQGridViewData.h; sourceTree = "<group>"; };
		4BFAC1091831919F00D2D420 /* AQGridViewData.m */ = {isa = PBXFileReference; fileEncoding = 4; lastKnownFileType = sourcecode.c.objc; path = AQGridViewData.m; sourceTree = "<group>"; };
		4BFAC10A1831919F00D2D420 /* AQGridViewUpdateInfo.h */ = {isa = PBXFileReference; fileEncoding = 4; lastKnownFileType = sourcecode.c.h; path = AQGridViewUpdateInfo.h; sourceTree = "<group>"; };
		4BFAC10B1831919F00D2D420 /* AQGridViewUpdateInfo.m */ = {isa = PBXFileReference; fileEncoding = 4; lastKnownFileType = sourcecode.c.objc; path = AQGridViewUpdateInfo.m; sourceTree = "<group>"; };
		4BFAC10C1831919F00D2D420 /* AQGridViewUpdateItem.h */ = {isa = PBXFileReference; fileEncoding = 4; lastKnownFileType = sourcecode.c.h; path = AQGridViewUpdateItem.h; sourceTree = "<group>"; };
		4BFAC10D1831919F00D2D420 /* AQGridViewUpdateItem.m */ = {isa = PBXFileReference; fileEncoding = 4; lastKnownFileType = sourcecode.c.objc; path = AQGridViewUpdateItem.m; sourceTree = "<group>"; };
		4BFAC10E1831919F00D2D420 /* NSIndexSet+AQIndexesOutsideSet.h */ = {isa = PBXFileReference; fileEncoding = 4; lastKnownFileType = sourcecode.c.h; path = "NSIndexSet+AQIndexesOutsideSet.h"; sourceTree = "<group>"; };
		4BFAC10F1831919F00D2D420 /* NSIndexSet+AQIndexesOutsideSet.m */ = {isa = PBXFileReference; fileEncoding = 4; lastKnownFileType = sourcecode.c.objc; path = "NSIndexSet+AQIndexesOutsideSet.m"; sourceTree = "<group>"; };
		4BFAC1101831919F00D2D420 /* NSIndexSet+AQIsSetContiguous.h */ = {isa = PBXFileReference; fileEncoding = 4; lastKnownFileType = sourcecode.c.h; path = "NSIndexSet+AQIsSetContiguous.h"; sourceTree = "<group>"; };
		4BFAC1111831919F00D2D420 /* NSIndexSet+AQIsSetContiguous.m */ = {isa = PBXFileReference; fileEncoding = 4; lastKnownFileType = sourcecode.c.objc; path = "NSIndexSet+AQIsSetContiguous.m"; sourceTree = "<group>"; };
		4BFAC1121831919F00D2D420 /* UIColor+AQGridView.h */ = {isa = PBXFileReference; fileEncoding = 4; lastKnownFileType = sourcecode.c.h; path = "UIColor+AQGridView.h"; sourceTree = "<group>"; };
		4BFAC1131831919F00D2D420 /* UIColor+AQGridView.m */ = {isa = PBXFileReference; fileEncoding = 4; lastKnownFileType = sourcecode.c.objc; path = "UIColor+AQGridView.m"; sourceTree = "<group>"; };
		4BFAC11E183191ED00D2D420 /* AQGridSelection.png */ = {isa = PBXFileReference; lastKnownFileType = image.png; path = AQGridSelection.png; sourceTree = "<group>"; };
		4BFAC11F183191ED00D2D420 /* AQGridSelectionGray.png */ = {isa = PBXFileReference; lastKnownFileType = image.png; path = AQGridSelectionGray.png; sourceTree = "<group>"; };
		4BFAC120183191ED00D2D420 /* AQGridSelectionGrayBlue.png */ = {isa = PBXFileReference; lastKnownFileType = image.png; path = AQGridSelectionGrayBlue.png; sourceTree = "<group>"; };
		4BFAC121183191ED00D2D420 /* AQGridSelectionGreen.png */ = {isa = PBXFileReference; lastKnownFileType = image.png; path = AQGridSelectionGreen.png; sourceTree = "<group>"; };
		4BFAC122183191ED00D2D420 /* AQGridSelectionRed.png */ = {isa = PBXFileReference; lastKnownFileType = image.png; path = AQGridSelectionRed.png; sourceTree = "<group>"; };
		4BFAC1891831927B00D2D420 /* 3D-simplicity.png */ = {isa = PBXFileReference; lastKnownFileType = image.png; path = "3D-simplicity.png"; sourceTree = "<group>"; };
		4BFAC18A1831927B00D2D420 /* AppleTV-esque_by-mikelcroft_nl-1440.png */ = {isa = PBXFileReference; lastKnownFileType = image.png; path = "AppleTV-esque_by-mikelcroft_nl-1440.png"; sourceTree = "<group>"; };
		4BFAC18B1831927B00D2D420 /* batman_surfing_on_superman.png */ = {isa = PBXFileReference; lastKnownFileType = image.png; path = batman_surfing_on_superman.png; sourceTree = "<group>"; };
		4BFAC18C1831927B00D2D420 /* coffee-break_.png */ = {isa = PBXFileReference; lastKnownFileType = image.png; path = "coffee-break_.png"; sourceTree = "<group>"; };
		4BFAC18D1831927B00D2D420 /* colorful_1440x900.png */ = {isa = PBXFileReference; lastKnownFileType = image.png; path = colorful_1440x900.png; sourceTree = "<group>"; };
		4BFAC18E1831927B00D2D420 /* Composition53.png */ = {isa = PBXFileReference; lastKnownFileType = image.png; path = Composition53.png; sourceTree = "<group>"; };
		4BFAC18F1831927B00D2D420 /* Dragon.png */ = {isa = PBXFileReference; lastKnownFileType = image.png; path = Dragon.png; sourceTree = "<group>"; };
		4BFAC1901831927B00D2D420 /* eclipse.png */ = {isa = PBXFileReference; lastKnownFileType = image.png; path = eclipse.png; sourceTree = "<group>"; };
		4BFAC1911831927B00D2D420 /* face.png */ = {isa = PBXFileReference; lastKnownFileType = image.png; path = face.png; sourceTree = "<group>"; };
		4BFAC1921831927B00D2D420 /* focus.png */ = {isa = PBXFileReference; lastKnownFileType = image.png; path = focus.png; sourceTree = "<group>"; };
		4BFAC1931831927B00D2D420 /* gbo.png */ = {isa = PBXFileReference; lastKnownFileType = image.png; path = gbo.png; sourceTree = "<group>"; };
		4BFAC1941831927B00D2D420 /* Green_Plant_(2560x1600).png */ = {isa = PBXFileReference; lastKnownFileType = image.png; path = "Green_Plant_(2560x1600).png"; sourceTree = "<group>"; };
		4BFAC1951831927B00D2D420 /* grounded.png */ = {isa = PBXFileReference; lastKnownFileType = image.png; path = grounded.png; sourceTree = "<group>"; };
		4BFAC1961831927B00D2D420 /* happy.png */ = {isa = PBXFileReference; lastKnownFileType = image.png; path = happy.png; sourceTree = "<group>"; };
		4BFAC1971831927B00D2D420 /* LeatherHoles-Apple.png */ = {isa = PBXFileReference; lastKnownFileType = image.png; path = "LeatherHoles-Apple.png"; sourceTree = "<group>"; };
		4BFAC1981831927B00D2D420 /* Let_it_snow_by_mj_coffeeholick.png */ = {isa = PBXFileReference; lastKnownFileType = image.png; path = Let_it_snow_by_mj_coffeeholick.png; sourceTree = "<group>"; };
		4BFAC1991831927B00D2D420 /* Luxury_Apple_by_Stratification.png */ = {isa = PBXFileReference; lastKnownFileType = image.png; path = Luxury_Apple_by_Stratification.png; sourceTree = "<group>"; };
		4BFAC19A1831927B00D2D420 /* MacMini.png */ = {isa = PBXFileReference; lastKnownFileType = image.png; path = MacMini.png; sourceTree = "<group>"; };
		4BFAC19B1831927B00D2D420 /* SlaveKingGod.png */ = {isa = PBXFileReference; lastKnownFileType = image.png; path = SlaveKingGod.png; sourceTree = "<group>"; };
		4BFAC19C1831927B00D2D420 /* Snow_Leopard_by_vladstudio.png */ = {isa = PBXFileReference; lastKnownFileType = image.png; path = Snow_Leopard_by_vladstudio.png; sourceTree = "<group>"; };
		4BFAC19D1831927B00D2D420 /* Space Fold.png */ = {isa = PBXFileReference; lastKnownFileType = image.png; path = "Space Fold.png"; sourceTree = "<group>"; };
		4BFAC19E1831927B00D2D420 /* Stormcloud_Schmeisser.png */ = {isa = PBXFileReference; lastKnownFileType = image.png; path = Stormcloud_Schmeisser.png; sourceTree = "<group>"; };
		4BFAC19F1831927B00D2D420 /* tiamat.png */ = {isa = PBXFileReference; lastKnownFileType = image.png; path = tiamat.png; sourceTree = "<group>"; };
		4BFAC1A01831927B00D2D420 /* WTF.png */ = {isa = PBXFileReference; lastKnownFileType = image.png; path = WTF.png; sourceTree = "<group>"; };
/* End PBXFileReference section */

/* Begin PBXFrameworksBuildPhase section */
		38D6F06612197E62006909B6 /* Frameworks */ = {
			isa = PBXFrameworksBuildPhase;
			buildActionMask = 2147483647;
			files = (
				0807FA111831E2B100FD6F3E /* ImageIO.framework in Frameworks */,
				0807FA0F1831E28500FD6F3E /* AssetsLibrary.framework in Frameworks */,
				0807FA0D1831E26E00FD6F3E /* CoreImage.framework in Frameworks */,
				38D6F06D12197E62006909B6 /* UIKit.framework in Frameworks */,
				38D6F06F12197E62006909B6 /* Foundation.framework in Frameworks */,
				38D6F07112197E62006909B6 /* CoreGraphics.framework in Frameworks */,
				389A5BED121995A200B87185 /* QuartzCore.framework in Frameworks */,
			);
			runOnlyForDeploymentPostprocessing = 0;
		};
/* End PBXFrameworksBuildPhase section */

/* Begin PBXGroup section */
		0807F9FC1831DF8800FD6F3E /* SDK */ = {
			isa = PBXGroup;
			children = (
				0807F9FD1831DF8800FD6F3E /* FaceThumbnailCropper.h */,
				0807F9FE1831DF8800FD6F3E /* FaceThumbnailCropper.m */,
				0807F9FF1831DF8800FD6F3E /* ReKognitionResults.h */,
				0807FA001831DF8800FD6F3E /* ReKognitionResults.m */,
				0807FA011831DF8800FD6F3E /* ReKognitionSDK.h */,
				0807FA021831DF8800FD6F3E /* RekognitionSDK.m */,
				0807FA031831DF8800FD6F3E /* UIImageRotationFixer.h */,
				0807FA041831DF8800FD6F3E /* UIImageRotationFixer.m */,
			);
			path = SDK;
			sourceTree = "<group>";
		};
		389A5BC912198FFA00B87185 /* GridView */ = {
			isa = PBXGroup;
			children = (
				4BFAC11E183191ED00D2D420 /* AQGridSelection.png */,
				4BFAC11F183191ED00D2D420 /* AQGridSelectionGray.png */,
				4BFAC120183191ED00D2D420 /* AQGridSelectionGrayBlue.png */,
				4BFAC121183191ED00D2D420 /* AQGridSelectionGreen.png */,
				4BFAC122183191ED00D2D420 /* AQGridSelectionRed.png */,
			);
			name = GridView;
			sourceTree = "<group>";
		};
		38D6F05A12197E62006909B6 = {
			isa = PBXGroup;
			children = (
				38D6F06112197E62006909B6 /* Classes */,
				38D6F06212197E62006909B6 /* Other Sources */,
				38D6F06312197E62006909B6 /* Resources */,
				38D6F06412197E62006909B6 /* Frameworks */,
				38D6F06A12197E62006909B6 /* Products */,
			);
			sourceTree = "<group>";
		};
		38D6F06112197E62006909B6 /* Classes */ = {
			isa = PBXGroup;
			children = (
				0807FA091831E01400FD6F3E /* RekoPipe.h */,
				0807FA0A1831E01400FD6F3E /* RekoPipe.m */,
				0807F9FC1831DF8800FD6F3E /* SDK */,
				38D6F07912197E62006909B6 /* ExpanderDemoAppDelegate.h */,
				38D6F07A12197E62006909B6 /* ExpanderDemoAppDelegate.m */,
				38D6F07F12197E62006909B6 /* ExpanderDemoViewController.h */,
				38D6F08012197E62006909B6 /* ExpanderDemoViewController.m */,
				38AE3FAF12198A9D00E7D3B5 /* ExpandingGridViewController.h */,
				38AE3FB012198A9D00E7D3B5 /* ExpandingGridViewController.m */,
				38D6F13A12198326006909B6 /* ImageGridViewCell.h */,
				38D6F13B12198326006909B6 /* ImageGridViewCell.m */,
				38AE3FAC121986F700E7D3B5 /* ExpandFromGridViewCell.h */,
				38AE3FAD121986F700E7D3B5 /* ExpandFromGridViewCell.m */,
				38D6F0BB12197EBA006909B6 /* GridView */,
			);
			path = Classes;
			sourceTree = "<group>";
		};
		38D6F06212197E62006909B6 /* Other Sources */ = {
			isa = PBXGroup;
			children = (
				38D6F07312197E62006909B6 /* ExpanderDemo_Prefix.pch */,
				38D6F07712197E62006909B6 /* main.m */,
			);
			name = "Other Sources";
			sourceTree = "<group>";
		};
		38D6F06312197E62006909B6 /* Resources */ = {
			isa = PBXGroup;
			children = (
				4BFAC1881831927B00D2D420 /* Images */,
				389A5BC912198FFA00B87185 /* GridView */,
				38D6F07212197E62006909B6 /* ExpanderDemo-Info.plist */,
				38D6F07412197E62006909B6 /* InfoPlist.strings */,
				38D6F07C12197E62006909B6 /* MainWindow.xib */,
			);
			name = Resources;
			sourceTree = "<group>";
		};
		38D6F06412197E62006909B6 /* Frameworks */ = {
			isa = PBXGroup;
			children = (
				0807FA101831E2B100FD6F3E /* ImageIO.framework */,
				0807FA0E1831E28500FD6F3E /* AssetsLibrary.framework */,
				0807FA0C1831E26E00FD6F3E /* CoreImage.framework */,
				38D6F06C12197E62006909B6 /* UIKit.framework */,
				38D6F06E12197E62006909B6 /* Foundation.framework */,
				38D6F07012197E62006909B6 /* CoreGraphics.framework */,
				389A5BEC121995A200B87185 /* QuartzCore.framework */,
			);
			name = Frameworks;
			sourceTree = "<group>";
		};
		38D6F06A12197E62006909B6 /* Products */ = {
			isa = PBXGroup;
			children = (
				38D6F06912197E62006909B6 /* ExpanderDemo.app */,
			);
			name = Products;
			sourceTree = "<group>";
		};
		38D6F0BB12197EBA006909B6 /* GridView */ = {
			isa = PBXGroup;
			children = (
				4BFAC0FD1831919F00D2D420 /* AQGridView.h */,
				4BFAC0FE1831919F00D2D420 /* AQGridView.m */,
				4BFAC0FF1831919F00D2D420 /* AQGridView+CellLayout.h */,
				4BFAC1001831919F00D2D420 /* AQGridView+CellLocationDelegation.h */,
				4BFAC1011831919F00D2D420 /* AQGridViewAnimatorItem.h */,
				4BFAC1021831919F00D2D420 /* AQGridViewAnimatorItem.m */,
				4BFAC1031831919F00D2D420 /* AQGridViewCell.h */,
				4BFAC1041831919F00D2D420 /* AQGridViewCell.m */,
				4BFAC1051831919F00D2D420 /* AQGridViewCell+AQGridViewCellPrivate.h */,
				4BFAC1061831919F00D2D420 /* AQGridViewController.h */,
				4BFAC1071831919F00D2D420 /* AQGridViewController.m */,
				4BFAC1081831919F00D2D420 /* AQGridViewData.h */,
				4BFAC1091831919F00D2D420 /* AQGridViewData.m */,
				4BFAC10A1831919F00D2D420 /* AQGridViewUpdateInfo.h */,
				4BFAC10B1831919F00D2D420 /* AQGridViewUpdateInfo.m */,
				4BFAC10C1831919F00D2D420 /* AQGridViewUpdateItem.h */,
				4BFAC10D1831919F00D2D420 /* AQGridViewUpdateItem.m */,
				4BFAC10E1831919F00D2D420 /* NSIndexSet+AQIndexesOutsideSet.h */,
				4BFAC10F1831919F00D2D420 /* NSIndexSet+AQIndexesOutsideSet.m */,
				4BFAC1101831919F00D2D420 /* NSIndexSet+AQIsSetContiguous.h */,
				4BFAC1111831919F00D2D420 /* NSIndexSet+AQIsSetContiguous.m */,
				4BFAC1121831919F00D2D420 /* UIColor+AQGridView.h */,
				4BFAC1131831919F00D2D420 /* UIColor+AQGridView.m */,
			);
			name = GridView;
			sourceTree = "<group>";
		};
		4BFAC1881831927B00D2D420 /* Images */ = {
			isa = PBXGroup;
			children = (
				4BFAC1891831927B00D2D420 /* 3D-simplicity.png */,
				4BFAC18A1831927B00D2D420 /* AppleTV-esque_by-mikelcroft_nl-1440.png */,
				4BFAC18B1831927B00D2D420 /* batman_surfing_on_superman.png */,
				4BFAC18C1831927B00D2D420 /* coffee-break_.png */,
				4BFAC18D1831927B00D2D420 /* colorful_1440x900.png */,
				4BFAC18E1831927B00D2D420 /* Composition53.png */,
				4BFAC18F1831927B00D2D420 /* Dragon.png */,
				4BFAC1901831927B00D2D420 /* eclipse.png */,
				4BFAC1911831927B00D2D420 /* face.png */,
				4BFAC1921831927B00D2D420 /* focus.png */,
				4BFAC1931831927B00D2D420 /* gbo.png */,
				4BFAC1941831927B00D2D420 /* Green_Plant_(2560x1600).png */,
				4BFAC1951831927B00D2D420 /* grounded.png */,
				4BFAC1961831927B00D2D420 /* happy.png */,
				4BFAC1971831927B00D2D420 /* LeatherHoles-Apple.png */,
				4BFAC1981831927B00D2D420 /* Let_it_snow_by_mj_coffeeholick.png */,
				4BFAC1991831927B00D2D420 /* Luxury_Apple_by_Stratification.png */,
				4BFAC19A1831927B00D2D420 /* MacMini.png */,
				4BFAC19B1831927B00D2D420 /* SlaveKingGod.png */,
				4BFAC19C1831927B00D2D420 /* Snow_Leopard_by_vladstudio.png */,
				4BFAC19D1831927B00D2D420 /* Space Fold.png */,
				4BFAC19E1831927B00D2D420 /* Stormcloud_Schmeisser.png */,
				4BFAC19F1831927B00D2D420 /* tiamat.png */,
				4BFAC1A01831927B00D2D420 /* WTF.png */,
			);
			path = Images;
			sourceTree = "<group>";
		};
/* End PBXGroup section */

/* Begin PBXNativeTarget section */
		38D6F06812197E62006909B6 /* ExpanderDemo */ = {
			isa = PBXNativeTarget;
			buildConfigurationList = 38D6F08712197E62006909B6 /* Build configuration list for PBXNativeTarget "ExpanderDemo" */;
			buildPhases = (
				38D6F06512197E62006909B6 /* Sources */,
				38D6F06612197E62006909B6 /* Frameworks */,
				38D6F06712197E62006909B6 /* Resources */,
			);
			buildRules = (
			);
			dependencies = (
			);
			name = ExpanderDemo;
			productName = ExpanderDemo;
			productReference = 38D6F06912197E62006909B6 /* ExpanderDemo.app */;
			productType = "com.apple.product-type.application";
		};
/* End PBXNativeTarget section */

/* Begin PBXProject section */
		38D6F05C12197E62006909B6 /* Project object */ = {
			isa = PBXProject;
			attributes = {
				LastUpgradeCheck = 0500;
				ORGANIZATIONNAME = "Kobo Inc.";
			};
			buildConfigurationList = 38D6F05F12197E62006909B6 /* Build configuration list for PBXProject "ExpanderDemo" */;
			compatibilityVersion = "Xcode 3.2";
			developmentRegion = English;
			hasScannedForEncodings = 0;
			knownRegions = (
				en,
			);
			mainGroup = 38D6F05A12197E62006909B6;
			productRefGroup = 38D6F06A12197E62006909B6 /* Products */;
			projectDirPath = "";
			projectRoot = "";
			targets = (
				38D6F06812197E62006909B6 /* ExpanderDemo */,
			);
		};
/* End PBXProject section */

/* Begin PBXResourcesBuildPhase section */
		38D6F06712197E62006909B6 /* Resources */ = {
			isa = PBXResourcesBuildPhase;
			buildActionMask = 2147483647;
			files = (
				4BFAC1B41831927B00D2D420 /* Snow_Leopard_by_vladstudio.png in Resources */,
				4BFAC1B81831927B00D2D420 /* WTF.png in Resources */,
				4BFAC1A71831927B00D2D420 /* Dragon.png in Resources */,
				4BFAC1B51831927B00D2D420 /* Space Fold.png in Resources */,
				38D6F07612197E62006909B6 /* InfoPlist.strings in Resources */,
				4BFAC1B01831927B00D2D420 /* Let_it_snow_by_mj_coffeeholick.png in Resources */,
				4BFAC1AA1831927B00D2D420 /* focus.png in Resources */,
				4BFAC1A31831927B00D2D420 /* batman_surfing_on_superman.png in Resources */,
				38D6F07E12197E62006909B6 /* MainWindow.xib in Resources */,
				4BFAC1A41831927B00D2D420 /* coffee-break_.png in Resources */,
				4BFAC1B71831927B00D2D420 /* tiamat.png in Resources */,
				4BFAC123183191ED00D2D420 /* AQGridSelection.png in Resources */,
				4BFAC126183191ED00D2D420 /* AQGridSelectionGreen.png in Resources */,
				4BFAC125183191ED00D2D420 /* AQGridSelectionGrayBlue.png in Resources */,
				4BFAC1A51831927B00D2D420 /* colorful_1440x900.png in Resources */,
				4BFAC1A21831927B00D2D420 /* AppleTV-esque_by-mikelcroft_nl-1440.png in Resources */,
				4BFAC1A91831927B00D2D420 /* face.png in Resources */,
				4BFAC1B61831927B00D2D420 /* Stormcloud_Schmeisser.png in Resources */,
				4BFAC1AB1831927B00D2D420 /* gbo.png in Resources */,
				4BFAC124183191ED00D2D420 /* AQGridSelectionGray.png in Resources */,
				4BFAC127183191ED00D2D420 /* AQGridSelectionRed.png in Resources */,
				4BFAC1A61831927B00D2D420 /* Composition53.png in Resources */,
				4BFAC1AF1831927B00D2D420 /* LeatherHoles-Apple.png in Resources */,
				4BFAC1B21831927B00D2D420 /* MacMini.png in Resources */,
				4BFAC1B31831927B00D2D420 /* SlaveKingGod.png in Resources */,
				4BFAC1AC1831927B00D2D420 /* Green_Plant_(2560x1600).png in Resources */,
				4BFAC1A81831927B00D2D420 /* eclipse.png in Resources */,
				4BFAC1B11831927B00D2D420 /* Luxury_Apple_by_Stratification.png in Resources */,
				4BFAC1A11831927B00D2D420 /* 3D-simplicity.png in Resources */,
				4BFAC1AD1831927B00D2D420 /* grounded.png in Resources */,
				4BFAC1AE1831927B00D2D420 /* happy.png in Resources */,
			);
			runOnlyForDeploymentPostprocessing = 0;
		};
/* End PBXResourcesBuildPhase section */

/* Begin PBXSourcesBuildPhase section */
		38D6F06512197E62006909B6 /* Sources */ = {
			isa = PBXSourcesBuildPhase;
			buildActionMask = 2147483647;
			files = (
				38D6F07812197E62006909B6 /* main.m in Sources */,
				38D6F07B12197E62006909B6 /* ExpanderDemoAppDelegate.m in Sources */,
				0807FA0B1831E01400FD6F3E /* RekoPipe.m in Sources */,
				4BFAC1181831919F00D2D420 /* AQGridViewData.m in Sources */,
				4BFAC1191831919F00D2D420 /* AQGridViewUpdateInfo.m in Sources */,
				38D6F08112197E62006909B6 /* ExpanderDemoViewController.m in Sources */,
				4BFAC1141831919F00D2D420 /* AQGridView.m in Sources */,
				0807FA061831DF8800FD6F3E /* ReKognitionResults.m in Sources */,
				4BFAC1171831919F00D2D420 /* AQGridViewController.m in Sources */,
				4BFAC1161831919F00D2D420 /* AQGridViewCell.m in Sources */,
				4BFAC11B1831919F00D2D420 /* NSIndexSet+AQIndexesOutsideSet.m in Sources */,
				38D6F13C12198326006909B6 /* ImageGridViewCell.m in Sources */,
				4BFAC11D1831919F00D2D420 /* UIColor+AQGridView.m in Sources */,
				0807FA081831DF8800FD6F3E /* UIImageRotationFixer.m in Sources */,
				38AE3FAE121986F700E7D3B5 /* ExpandFromGridViewCell.m in Sources */,
				4BFAC11A1831919F00D2D420 /* AQGridViewUpdateItem.m in Sources */,
				4BFAC11C1831919F00D2D420 /* NSIndexSet+AQIsSetContiguous.m in Sources */,
				4BFAC1151831919F00D2D420 /* AQGridViewAnimatorItem.m in Sources */,
				0807FA051831DF8800FD6F3E /* FaceThumbnailCropper.m in Sources */,
				0807FA071831DF8800FD6F3E /* RekognitionSDK.m in Sources */,
				38AE3FB112198A9D00E7D3B5 /* ExpandingGridViewController.m in Sources */,
			);
			runOnlyForDeploymentPostprocessing = 0;
		};
/* End PBXSourcesBuildPhase section */

/* Begin PBXVariantGroup section */
		38D6F07412197E62006909B6 /* InfoPlist.strings */ = {
			isa = PBXVariantGroup;
			children = (
				38D6F07512197E62006909B6 /* en */,
			);
			name = InfoPlist.strings;
			sourceTree = "<group>";
		};
		38D6F07C12197E62006909B6 /* MainWindow.xib */ = {
			isa = PBXVariantGroup;
			children = (
				38D6F07D12197E62006909B6 /* en */,
			);
			name = MainWindow.xib;
			sourceTree = "<group>";
		};
/* End PBXVariantGroup section */

/* Begin XCBuildConfiguration section */
		38D6F08512197E62006909B6 /* Debug */ = {
			isa = XCBuildConfiguration;
			buildSettings = {
				"CODE_SIGN_IDENTITY[sdk=iphoneos*]" = "iPhone Developer";
				GCC_C_LANGUAGE_STANDARD = gnu99;
				GCC_OPTIMIZATION_LEVEL = 0;
				GCC_PREPROCESSOR_DEFINITIONS = DEBUG;
				GCC_WARN_ABOUT_RETURN_TYPE = YES;
				GCC_WARN_UNUSED_VARIABLE = YES;
				ONLY_ACTIVE_ARCH = YES;
				SDKROOT = iphoneos;
				TARGETED_DEVICE_FAMILY = 2;
			};
			name = Debug;
		};
		38D6F08612197E62006909B6 /* Release */ = {
			isa = XCBuildConfiguration;
			buildSettings = {
				"CODE_SIGN_IDENTITY[sdk=iphoneos*]" = "iPhone Developer";
				GCC_C_LANGUAGE_STANDARD = gnu99;
				GCC_WARN_ABOUT_RETURN_TYPE = YES;
				GCC_WARN_UNUSED_VARIABLE = YES;
				OTHER_CFLAGS = "-DNS_BLOCK_ASSERTIONS=1";
				SDKROOT = iphoneos;
				TARGETED_DEVICE_FAMILY = 2;
			};
			name = Release;
		};
		38D6F08812197E62006909B6 /* Debug */ = {
			isa = XCBuildConfiguration;
			buildSettings = {
				ALWAYS_SEARCH_USER_PATHS = NO;
				COPY_PHASE_STRIP = NO;
				GCC_DYNAMIC_NO_PIC = NO;
				GCC_PRECOMPILE_PREFIX_HEADER = YES;
				GCC_PREFIX_HEADER = ExpanderDemo_Prefix.pch;
				INFOPLIST_FILE = "ExpanderDemo-Info.plist";
				PRODUCT_NAME = ExpanderDemo;
				WRAPPER_EXTENSION = app;
			};
			name = Debug;
		};
		38D6F08912197E62006909B6 /* Release */ = {
			isa = XCBuildConfiguration;
			buildSettings = {
				ALWAYS_SEARCH_USER_PATHS = NO;
				COPY_PHASE_STRIP = YES;
				GCC_PRECOMPILE_PREFIX_HEADER = YES;
				GCC_PREFIX_HEADER = ExpanderDemo_Prefix.pch;
				INFOPLIST_FILE = "ExpanderDemo-Info.plist";
				PRODUCT_NAME = ExpanderDemo;
				VALIDATE_PRODUCT = YES;
				WRAPPER_EXTENSION = app;
			};
			name = Release;
		};
/* End XCBuildConfiguration section */

/* Begin XCConfigurationList section */
		38D6F05F12197E62006909B6 /* Build configuration list for PBXProject "ExpanderDemo" */ = {
			isa = XCConfigurationList;
			buildConfigurations = (
				38D6F08512197E62006909B6 /* Debug */,
				38D6F08612197E62006909B6 /* Release */,
			);
			defaultConfigurationIsVisible = 0;
			defaultConfigurationName = Release;
		};
		38D6F08712197E62006909B6 /* Build configuration list for PBXNativeTarget "ExpanderDemo" */ = {
			isa = XCConfigurationList;
			buildConfigurations = (
				38D6F08812197E62006909B6 /* Debug */,
				38D6F08912197E62006909B6 /* Release */,
			);
			defaultConfigurationIsVisible = 0;
			defaultConfigurationName = Release;
		};
/* End XCConfigurationList section */
	};
	rootObject = 38D6F05C12197E62006909B6 /* Project object */;
}
