// !$*UTF8*$!
{
	archiveVersion = 1;
	classes = {
	};
	objectVersion = 46;
	objects = {

/* Begin PBXBuildFile section */
		0815153E181BACDA00A01FCC /* DBChooser.bundle in Resources */ = {isa = PBXBuildFile; fileRef = 0815153C181BACDA00A01FCC /* DBChooser.bundle */; };
		0815153F181BACDA00A01FCC /* DBChooser.framework in Frameworks */ = {isa = PBXBuildFile; fileRef = 0815153D181BACDA00A01FCC /* DBChooser.framework */; };
		089B241E18317140000BA6F8 /* FaceThumbnailCropper.m in Sources */ = {isa = PBXBuildFile; fileRef = 089B241718317140000BA6F8 /* FaceThumbnailCropper.m */; };
		089B241F18317140000BA6F8 /* ReKognitionResults.m in Sources */ = {isa = PBXBuildFile; fileRef = 089B241918317140000BA6F8 /* ReKognitionResults.m */; };
		089B242018317140000BA6F8 /* RekognitionSDK.m in Sources */ = {isa = PBXBuildFile; fileRef = 089B241B18317140000BA6F8 /* RekognitionSDK.m */; };
		089B242118317140000BA6F8 /* UIImageRotationFixer.m in Sources */ = {isa = PBXBuildFile; fileRef = 089B241D18317140000BA6F8 /* UIImageRotationFixer.m */; };
		089DA0E617FA4887006A5745 /* CoreLocation.framework in Frameworks */ = {isa = PBXBuildFile; fileRef = 089DA0E517FA4887006A5745 /* CoreLocation.framework */; };
		08D5E72B180691180019B6B4 /* StacheCamAppDelegate.m in Sources */ = {isa = PBXBuildFile; fileRef = 08D5E728180691180019B6B4 /* StacheCamAppDelegate.m */; };
		08D5E72F180692F50019B6B4 /* RekoSDK-Info.plist in Resources */ = {isa = PBXBuildFile; fileRef = 08D5E72E180692F50019B6B4 /* RekoSDK-Info.plist */; };
		08DED434181C652700BC6413 /* RekoPipe.m in Sources */ = {isa = PBXBuildFile; fileRef = 08DED433181C652700BC6413 /* RekoPipe.m */; };
		08FCED38181C1FD10037D14B /* DropboxSDK.framework in Frameworks */ = {isa = PBXBuildFile; fileRef = 08FCED37181C1FD10037D14B /* DropboxSDK.framework */; };
		08FCED3A181C20090037D14B /* Security.framework in Frameworks */ = {isa = PBXBuildFile; fileRef = 08FCED39181C20090037D14B /* Security.framework */; };
		08FCED3D181C26040037D14B /* RootViewController.m in Sources */ = {isa = PBXBuildFile; fileRef = 08FCED3C181C26040037D14B /* RootViewController.m */; };
		08FCED40181C38C40037D14B /* DropboxImageLoader.m in Sources */ = {isa = PBXBuildFile; fileRef = 08FCED3F181C38C40037D14B /* DropboxImageLoader.m */; };
		1B3C9A27139D4E0F0042676B /* CoreVideo.framework in Frameworks */ = {isa = PBXBuildFile; fileRef = 1B3C9A26139D4E0F0042676B /* CoreVideo.framework */; };
		1B3C9A2A139D4E150042676B /* AVFoundation.framework in Frameworks */ = {isa = PBXBuildFile; fileRef = 1B3C9A29139D4E150042676B /* AVFoundation.framework */; };
		1B3C9A2C139D4E1C0042676B /* CoreImage.framework in Frameworks */ = {isa = PBXBuildFile; fileRef = 1B3C9A2B139D4E1C0042676B /* CoreImage.framework */; };
		1B3C9A2E139D4E350042676B /* AssetsLibrary.framework in Frameworks */ = {isa = PBXBuildFile; fileRef = 1B3C9A2D139D4E350042676B /* AssetsLibrary.framework */; };
		1B3C9A30139D4E5F0042676B /* CoreMedia.framework in Frameworks */ = {isa = PBXBuildFile; fileRef = 1B3C9A2F139D4E5F0042676B /* CoreMedia.framework */; };
		1B3C9A32139D4E740042676B /* QuartzCore.framework in Frameworks */ = {isa = PBXBuildFile; fileRef = 1B3C9A31139D4E740042676B /* QuartzCore.framework */; };
		1B3C9A34139D4EAA0042676B /* ImageIO.framework in Frameworks */ = {isa = PBXBuildFile; fileRef = 1B3C9A33139D4EAA0042676B /* ImageIO.framework */; };
		1B867FDD139D4AD300AD6B47 /* UIKit.framework in Frameworks */ = {isa = PBXBuildFile; fileRef = 1B867FDC139D4AD300AD6B47 /* UIKit.framework */; };
		1B867FDF139D4AD300AD6B47 /* Foundation.framework in Frameworks */ = {isa = PBXBuildFile; fileRef = 1B867FDE139D4AD300AD6B47 /* Foundation.framework */; };
		1B867FE1139D4AD300AD6B47 /* CoreGraphics.framework in Frameworks */ = {isa = PBXBuildFile; fileRef = 1B867FE0139D4AD300AD6B47 /* CoreGraphics.framework */; };
		1B867FE7139D4AD300AD6B47 /* InfoPlist.strings in Resources */ = {isa = PBXBuildFile; fileRef = 1B867FE5139D4AD300AD6B47 /* InfoPlist.strings */; };
		1B867FE9139D4AD300AD6B47 /* main.m in Sources */ = {isa = PBXBuildFile; fileRef = 1B867FE8139D4AD300AD6B47 /* main.m */; };
		4B676BAB17DE8E6C008D06BB /* OpenGLES.framework in Frameworks */ = {isa = PBXBuildFile; fileRef = 4B676BAA17DE8E6C008D06BB /* OpenGLES.framework */; };
		4B676BAF17DE8E7E008D06BB /* MessageUI.framework in Frameworks */ = {isa = PBXBuildFile; fileRef = 4B676BAE17DE8E7E008D06BB /* MessageUI.framework */; };
		4B676BB117DE8E8A008D06BB /* CoreText.framework in Frameworks */ = {isa = PBXBuildFile; fileRef = 4B676BB017DE8E8A008D06BB /* CoreText.framework */; };
		4B676BB317DE8E9B008D06BB /* CoreData.framework in Frameworks */ = {isa = PBXBuildFile; fileRef = 4B676BB217DE8E9B008D06BB /* CoreData.framework */; };
		4B676BB517DE8EA7008D06BB /* Accelerate.framework in Frameworks */ = {isa = PBXBuildFile; fileRef = 4B676BB417DE8EA7008D06BB /* Accelerate.framework */; };
		4B676BB717DE8EBA008D06BB /* libz.1.2.5.dylib in Frameworks */ = {isa = PBXBuildFile; fileRef = 4B676BB617DE8EBA008D06BB /* libz.1.2.5.dylib */; };
		4B676BB917DE8ECA008D06BB /* libz.dylib in Frameworks */ = {isa = PBXBuildFile; fileRef = 4B676BB817DE8ECA008D06BB /* libz.dylib */; };
		4B676BBB17DE8EE5008D06BB /* libsqlite3.0.dylib in Frameworks */ = {isa = PBXBuildFile; fileRef = 4B676BBA17DE8EE5008D06BB /* libsqlite3.0.dylib */; };
		4B676CF217DEFBB0008D06BB /* libz.1.1.3.dylib in Frameworks */ = {isa = PBXBuildFile; fileRef = 4B676CF117DEFBAF008D06BB /* libz.1.1.3.dylib */; };
		4B676CF417DEFBDA008D06BB /* libstdc++.dylib in Frameworks */ = {isa = PBXBuildFile; fileRef = 4B676CF317DEFBD9008D06BB /* libstdc++.dylib */; };
		4B676CF617DEFC4A008D06BB /* libsqlite3.dylib in Frameworks */ = {isa = PBXBuildFile; fileRef = 4B676CF517DEFC4A008D06BB /* libsqlite3.dylib */; };
		4B676CF817DEFC6D008D06BB /* libiconv.dylib in Frameworks */ = {isa = PBXBuildFile; fileRef = 4B676CF717DEFC6C008D06BB /* libiconv.dylib */; };
		4B676CFA17DEFF2C008D06BB /* CoreTelephony.framework in Frameworks */ = {isa = PBXBuildFile; fileRef = 4B676CF917DEFF2B008D06BB /* CoreTelephony.framework */; };
		4BF6070617ED69FC0095520C /* CFNetwork.framework in Frameworks */ = {isa = PBXBuildFile; fileRef = 4BF6070517ED69FC0095520C /* CFNetwork.framework */; };
		4BF6070817ED6A4E0095520C /* MobileCoreServices.framework in Frameworks */ = {isa = PBXBuildFile; fileRef = 4BF6070717ED6A4E0095520C /* MobileCoreServices.framework */; };
		A53029ED1759133700B69B73 /* SystemConfiguration.framework in Frameworks */ = {isa = PBXBuildFile; fileRef = A53029EC1759133700B69B73 /* SystemConfiguration.framework */; };
		A58A4BE717641AE1007C8DB8 /* Social.framework in Frameworks */ = {isa = PBXBuildFile; fileRef = A58A4BE617641AE1007C8DB8 /* Social.framework */; };
		A58A4BE917641DE2007C8DB8 /* Accounts.framework in Frameworks */ = {isa = PBXBuildFile; fileRef = A58A4BE817641DE2007C8DB8 /* Accounts.framework */; };
		A5DDD37F1769295A001616EA /* AudioToolbox.framework in Frameworks */ = {isa = PBXBuildFile; fileRef = A5DDD37E1769295A001616EA /* AudioToolbox.framework */; };
/* End PBXBuildFile section */

/* Begin PBXFileReference section */
		0815153C181BACDA00A01FCC /* DBChooser.bundle */ = {isa = PBXFileReference; lastKnownFileType = "wrapper.plug-in"; path = DBChooser.bundle; sourceTree = "<group>"; };
		0815153D181BACDA00A01FCC /* DBChooser.framework */ = {isa = PBXFileReference; lastKnownFileType = wrapper.framework; path = DBChooser.framework; sourceTree = "<group>"; };
		089B241618317140000BA6F8 /* FaceThumbnailCropper.h */ = {isa = PBXFileReference; fileEncoding = 4; lastKnownFileType = sourcecode.c.h; path = FaceThumbnailCropper.h; sourceTree = "<group>"; };
		089B241718317140000BA6F8 /* FaceThumbnailCropper.m */ = {isa = PBXFileReference; fileEncoding = 4; lastKnownFileType = sourcecode.c.objc; path = FaceThumbnailCropper.m; sourceTree = "<group>"; };
		089B241818317140000BA6F8 /* ReKognitionResults.h */ = {isa = PBXFileReference; fileEncoding = 4; lastKnownFileType = sourcecode.c.h; path = ReKognitionResults.h; sourceTree = "<group>"; };
		089B241918317140000BA6F8 /* ReKognitionResults.m */ = {isa = PBXFileReference; fileEncoding = 4; lastKnownFileType = sourcecode.c.objc; path = ReKognitionResults.m; sourceTree = "<group>"; };
		089B241A18317140000BA6F8 /* ReKognitionSDK.h */ = {isa = PBXFileReference; fileEncoding = 4; lastKnownFileType = sourcecode.c.h; path = ReKognitionSDK.h; sourceTree = "<group>"; };
		089B241B18317140000BA6F8 /* RekognitionSDK.m */ = {isa = PBXFileReference; fileEncoding = 4; lastKnownFileType = sourcecode.c.objc; path = RekognitionSDK.m; sourceTree = "<group>"; };
		089B241C18317140000BA6F8 /* UIImageRotationFixer.h */ = {isa = PBXFileReference; fileEncoding = 4; lastKnownFileType = sourcecode.c.h; path = UIImageRotationFixer.h; sourceTree = "<group>"; };
		089B241D18317140000BA6F8 /* UIImageRotationFixer.m */ = {isa = PBXFileReference; fileEncoding = 4; lastKnownFileType = sourcecode.c.objc; path = UIImageRotationFixer.m; sourceTree = "<group>"; };
		089DA0E517FA4887006A5745 /* CoreLocation.framework */ = {isa = PBXFileReference; lastKnownFileType = wrapper.framework; name = CoreLocation.framework; path = System/Library/Frameworks/CoreLocation.framework; sourceTree = SDKROOT; };
		08D5E727180691180019B6B4 /* StacheCamAppDelegate.h */ = {isa = PBXFileReference; fileEncoding = 4; lastKnownFileType = sourcecode.c.h; path = StacheCamAppDelegate.h; sourceTree = "<group>"; };
		08D5E728180691180019B6B4 /* StacheCamAppDelegate.m */ = {isa = PBXFileReference; fileEncoding = 4; lastKnownFileType = sourcecode.c.objc; path = StacheCamAppDelegate.m; sourceTree = "<group>"; };
		08D5E72E180692F50019B6B4 /* RekoSDK-Info.plist */ = {isa = PBXFileReference; fileEncoding = 4; lastKnownFileType = text.plist.xml; path = "RekoSDK-Info.plist"; sourceTree = "<group>"; };
		08DED432181C652700BC6413 /* RekoPipe.h */ = {isa = PBXFileReference; fileEncoding = 4; lastKnownFileType = sourcecode.c.h; path = RekoPipe.h; sourceTree = "<group>"; };
		08DED433181C652700BC6413 /* RekoPipe.m */ = {isa = PBXFileReference; fileEncoding = 4; lastKnownFileType = sourcecode.c.objc; path = RekoPipe.m; sourceTree = "<group>"; };
		08FCED37181C1FD10037D14B /* DropboxSDK.framework */ = {isa = PBXFileReference; lastKnownFileType = wrapper.framework; path = DropboxSDK.framework; sourceTree = "<group>"; };
		08FCED39181C20090037D14B /* Security.framework */ = {isa = PBXFileReference; lastKnownFileType = wrapper.framework; name = Security.framework; path = System/Library/Frameworks/Security.framework; sourceTree = SDKROOT; };
		08FCED3B181C26040037D14B /* RootViewController.h */ = {isa = PBXFileReference; fileEncoding = 4; lastKnownFileType = sourcecode.c.h; path = RootViewController.h; sourceTree = "<group>"; };
		08FCED3C181C26040037D14B /* RootViewController.m */ = {isa = PBXFileReference; fileEncoding = 4; lastKnownFileType = sourcecode.c.objc; path = RootViewController.m; sourceTree = "<group>"; };
		08FCED3E181C38C40037D14B /* DropboxImageLoader.h */ = {isa = PBXFileReference; fileEncoding = 4; lastKnownFileType = sourcecode.c.h; path = DropboxImageLoader.h; sourceTree = "<group>"; };
		08FCED3F181C38C40037D14B /* DropboxImageLoader.m */ = {isa = PBXFileReference; fileEncoding = 4; lastKnownFileType = sourcecode.c.objc; path = DropboxImageLoader.m; sourceTree = "<group>"; };
		1B3C9A26139D4E0F0042676B /* CoreVideo.framework */ = {isa = PBXFileReference; lastKnownFileType = wrapper.framework; name = CoreVideo.framework; path = System/Library/Frameworks/CoreVideo.framework; sourceTree = SDKROOT; };
		1B3C9A29139D4E150042676B /* AVFoundation.framework */ = {isa = PBXFileReference; lastKnownFileType = wrapper.framework; name = AVFoundation.framework; path = System/Library/Frameworks/AVFoundation.framework; sourceTree = SDKROOT; };
		1B3C9A2B139D4E1C0042676B /* CoreImage.framework */ = {isa = PBXFileReference; lastKnownFileType = wrapper.framework; name = CoreImage.framework; path = System/Library/Frameworks/CoreImage.framework; sourceTree = SDKROOT; };
		1B3C9A2D139D4E350042676B /* AssetsLibrary.framework */ = {isa = PBXFileReference; lastKnownFileType = wrapper.framework; name = AssetsLibrary.framework; path = System/Library/Frameworks/AssetsLibrary.framework; sourceTree = SDKROOT; };
		1B3C9A2F139D4E5F0042676B /* CoreMedia.framework */ = {isa = PBXFileReference; lastKnownFileType = wrapper.framework; name = CoreMedia.framework; path = System/Library/Frameworks/CoreMedia.framework; sourceTree = SDKROOT; };
		1B3C9A31139D4E740042676B /* QuartzCore.framework */ = {isa = PBXFileReference; lastKnownFileType = wrapper.framework; name = QuartzCore.framework; path = System/Library/Frameworks/QuartzCore.framework; sourceTree = SDKROOT; };
		1B3C9A33139D4EAA0042676B /* ImageIO.framework */ = {isa = PBXFileReference; lastKnownFileType = wrapper.framework; name = ImageIO.framework; path = System/Library/Frameworks/ImageIO.framework; sourceTree = SDKROOT; };
		1B867FD8139D4AD300AD6B47 /* RekoSDK.app */ = {isa = PBXFileReference; explicitFileType = wrapper.application; includeInIndex = 0; path = RekoSDK.app; sourceTree = BUILT_PRODUCTS_DIR; };
		1B867FDC139D4AD300AD6B47 /* UIKit.framework */ = {isa = PBXFileReference; lastKnownFileType = wrapper.framework; name = UIKit.framework; path = System/Library/Frameworks/UIKit.framework; sourceTree = SDKROOT; };
		1B867FDE139D4AD300AD6B47 /* Foundation.framework */ = {isa = PBXFileReference; lastKnownFileType = wrapper.framework; name = Foundation.framework; path = System/Library/Frameworks/Foundation.framework; sourceTree = SDKROOT; };
		1B867FE0139D4AD300AD6B47 /* CoreGraphics.framework */ = {isa = PBXFileReference; lastKnownFileType = wrapper.framework; name = CoreGraphics.framework; path = System/Library/Frameworks/CoreGraphics.framework; sourceTree = SDKROOT; };
		1B867FE6139D4AD300AD6B47 /* en */ = {isa = PBXFileReference; lastKnownFileType = text.plist.strings; name = en; path = en.lproj/InfoPlist.strings; sourceTree = "<group>"; };
		1B867FE8139D4AD300AD6B47 /* main.m */ = {isa = PBXFileReference; fileEncoding = 4; lastKnownFileType = sourcecode.c.objc; path = main.m; sourceTree = "<group>"; };
		1B867FEA139D4AD300AD6B47 /* RekoSDK-Prefix.pch */ = {isa = PBXFileReference; lastKnownFileType = sourcecode.c.h; path = "RekoSDK-Prefix.pch"; sourceTree = "<group>"; };
		4B676BAA17DE8E6C008D06BB /* OpenGLES.framework */ = {isa = PBXFileReference; lastKnownFileType = wrapper.framework; name = OpenGLES.framework; path = System/Library/Frameworks/OpenGLES.framework; sourceTree = SDKROOT; };
		4B676BAE17DE8E7E008D06BB /* MessageUI.framework */ = {isa = PBXFileReference; lastKnownFileType = wrapper.framework; name = MessageUI.framework; path = System/Library/Frameworks/MessageUI.framework; sourceTree = SDKROOT; };
		4B676BB017DE8E8A008D06BB /* CoreText.framework */ = {isa = PBXFileReference; lastKnownFileType = wrapper.framework; name = CoreText.framework; path = System/Library/Frameworks/CoreText.framework; sourceTree = SDKROOT; };
		4B676BB217DE8E9B008D06BB /* CoreData.framework */ = {isa = PBXFileReference; lastKnownFileType = wrapper.framework; name = CoreData.framework; path = System/Library/Frameworks/CoreData.framework; sourceTree = SDKROOT; };
		4B676BB417DE8EA7008D06BB /* Accelerate.framework */ = {isa = PBXFileReference; lastKnownFileType = wrapper.framework; name = Accelerate.framework; path = System/Library/Frameworks/Accelerate.framework; sourceTree = SDKROOT; };
		4B676BB617DE8EBA008D06BB /* libz.1.2.5.dylib */ = {isa = PBXFileReference; lastKnownFileType = "compiled.mach-o.dylib"; name = libz.1.2.5.dylib; path = usr/lib/libz.1.2.5.dylib; sourceTree = SDKROOT; };
		4B676BB817DE8ECA008D06BB /* libz.dylib */ = {isa = PBXFileReference; lastKnownFileType = "compiled.mach-o.dylib"; name = libz.dylib; path = usr/lib/libz.dylib; sourceTree = SDKROOT; };
		4B676BBA17DE8EE5008D06BB /* libsqlite3.0.dylib */ = {isa = PBXFileReference; lastKnownFileType = "compiled.mach-o.dylib"; name = libsqlite3.0.dylib; path = usr/lib/libsqlite3.0.dylib; sourceTree = SDKROOT; };
		4B676CF117DEFBAF008D06BB /* libz.1.1.3.dylib */ = {isa = PBXFileReference; lastKnownFileType = "compiled.mach-o.dylib"; name = libz.1.1.3.dylib; path = usr/lib/libz.1.1.3.dylib; sourceTree = SDKROOT; };
		4B676CF317DEFBD9008D06BB /* libstdc++.dylib */ = {isa = PBXFileReference; lastKnownFileType = "compiled.mach-o.dylib"; name = "libstdc++.dylib"; path = "usr/lib/libstdc++.dylib"; sourceTree = SDKROOT; };
		4B676CF517DEFC4A008D06BB /* libsqlite3.dylib */ = {isa = PBXFileReference; lastKnownFileType = "compiled.mach-o.dylib"; name = libsqlite3.dylib; path = usr/lib/libsqlite3.dylib; sourceTree = SDKROOT; };
		4B676CF717DEFC6C008D06BB /* libiconv.dylib */ = {isa = PBXFileReference; lastKnownFileType = "compiled.mach-o.dylib"; name = libiconv.dylib; path = usr/lib/libiconv.dylib; sourceTree = SDKROOT; };
		4B676CF917DEFF2B008D06BB /* CoreTelephony.framework */ = {isa = PBXFileReference; lastKnownFileType = wrapper.framework; name = CoreTelephony.framework; path = System/Library/Frameworks/CoreTelephony.framework; sourceTree = SDKROOT; };
		4BF6070517ED69FC0095520C /* CFNetwork.framework */ = {isa = PBXFileReference; lastKnownFileType = wrapper.framework; name = CFNetwork.framework; path = System/Library/Frameworks/CFNetwork.framework; sourceTree = SDKROOT; };
		4BF6070717ED6A4E0095520C /* MobileCoreServices.framework */ = {isa = PBXFileReference; lastKnownFileType = wrapper.framework; name = MobileCoreServices.framework; path = System/Library/Frameworks/MobileCoreServices.framework; sourceTree = SDKROOT; };
		A53029EC1759133700B69B73 /* SystemConfiguration.framework */ = {isa = PBXFileReference; lastKnownFileType = wrapper.framework; name = SystemConfiguration.framework; path = System/Library/Frameworks/SystemConfiguration.framework; sourceTree = SDKROOT; };
		A58A4BE617641AE1007C8DB8 /* Social.framework */ = {isa = PBXFileReference; lastKnownFileType = wrapper.framework; name = Social.framework; path = System/Library/Frameworks/Social.framework; sourceTree = SDKROOT; };
		A58A4BE817641DE2007C8DB8 /* Accounts.framework */ = {isa = PBXFileReference; lastKnownFileType = wrapper.framework; name = Accounts.framework; path = System/Library/Frameworks/Accounts.framework; sourceTree = SDKROOT; };
		A5DDD37E1769295A001616EA /* AudioToolbox.framework */ = {isa = PBXFileReference; lastKnownFileType = wrapper.framework; name = AudioToolbox.framework; path = System/Library/Frameworks/AudioToolbox.framework; sourceTree = SDKROOT; };
/* End PBXFileReference section */

/* Begin PBXFrameworksBuildPhase section */
		1B867FD5139D4AD300AD6B47 /* Frameworks */ = {
			isa = PBXFrameworksBuildPhase;
			buildActionMask = 2147483647;
			files = (
				1B3C9A32139D4E740042676B /* QuartzCore.framework in Frameworks */,
				08FCED3A181C20090037D14B /* Security.framework in Frameworks */,
				089DA0E617FA4887006A5745 /* CoreLocation.framework in Frameworks */,
				4BF6070817ED6A4E0095520C /* MobileCoreServices.framework in Frameworks */,
				4BF6070617ED69FC0095520C /* CFNetwork.framework in Frameworks */,
				4B676CF817DEFC6D008D06BB /* libiconv.dylib in Frameworks */,
				4B676CF617DEFC4A008D06BB /* libsqlite3.dylib in Frameworks */,
				4B676CF417DEFBDA008D06BB /* libstdc++.dylib in Frameworks */,
				4B676CF217DEFBB0008D06BB /* libz.1.1.3.dylib in Frameworks */,
				4B676BBB17DE8EE5008D06BB /* libsqlite3.0.dylib in Frameworks */,
				0815153F181BACDA00A01FCC /* DBChooser.framework in Frameworks */,
				4B676BB917DE8ECA008D06BB /* libz.dylib in Frameworks */,
				4B676BB717DE8EBA008D06BB /* libz.1.2.5.dylib in Frameworks */,
				4B676BB517DE8EA7008D06BB /* Accelerate.framework in Frameworks */,
				A58A4BE917641DE2007C8DB8 /* Accounts.framework in Frameworks */,
				A5DDD37F1769295A001616EA /* AudioToolbox.framework in Frameworks */,
				4B676BB317DE8E9B008D06BB /* CoreData.framework in Frameworks */,
				4B676CFA17DEFF2C008D06BB /* CoreTelephony.framework in Frameworks */,
				4B676BB117DE8E8A008D06BB /* CoreText.framework in Frameworks */,
				4B676BAF17DE8E7E008D06BB /* MessageUI.framework in Frameworks */,
				08FCED38181C1FD10037D14B /* DropboxSDK.framework in Frameworks */,
				4B676BAB17DE8E6C008D06BB /* OpenGLES.framework in Frameworks */,
				A58A4BE717641AE1007C8DB8 /* Social.framework in Frameworks */,
				A53029ED1759133700B69B73 /* SystemConfiguration.framework in Frameworks */,
				1B3C9A34139D4EAA0042676B /* ImageIO.framework in Frameworks */,
				1B3C9A30139D4E5F0042676B /* CoreMedia.framework in Frameworks */,
				1B867FE1139D4AD300AD6B47 /* CoreGraphics.framework in Frameworks */,
				1B3C9A2E139D4E350042676B /* AssetsLibrary.framework in Frameworks */,
				1B3C9A2C139D4E1C0042676B /* CoreImage.framework in Frameworks */,
				1B3C9A2A139D4E150042676B /* AVFoundation.framework in Frameworks */,
				1B3C9A27139D4E0F0042676B /* CoreVideo.framework in Frameworks */,
				1B867FDD139D4AD300AD6B47 /* UIKit.framework in Frameworks */,
				1B867FDF139D4AD300AD6B47 /* Foundation.framework in Frameworks */,
			);
			runOnlyForDeploymentPostprocessing = 0;
		};
/* End PBXFrameworksBuildPhase section */

/* Begin PBXGroup section */
		089B241518317140000BA6F8 /* SDK */ = {
			isa = PBXGroup;
			children = (
				089B241618317140000BA6F8 /* FaceThumbnailCropper.h */,
				089B241718317140000BA6F8 /* FaceThumbnailCropper.m */,
				089B241818317140000BA6F8 /* ReKognitionResults.h */,
				089B241918317140000BA6F8 /* ReKognitionResults.m */,
				089B241A18317140000BA6F8 /* ReKognitionSDK.h */,
				089B241B18317140000BA6F8 /* RekognitionSDK.m */,
				089B241C18317140000BA6F8 /* UIImageRotationFixer.h */,
				089B241D18317140000BA6F8 /* UIImageRotationFixer.m */,
			);
			path = SDK;
			sourceTree = "<group>";
		};
		1B867FCD139D4AD300AD6B47 = {
			isa = PBXGroup;
			children = (
				089B241518317140000BA6F8 /* SDK */,
				1B867FE2139D4AD300AD6B47 /* RekoSDK */,
				1B867FDB139D4AD300AD6B47 /* Frameworks */,
				1B867FD9139D4AD300AD6B47 /* Products */,
			);
			sourceTree = "<group>";
		};
		1B867FD9139D4AD300AD6B47 /* Products */ = {
			isa = PBXGroup;
			children = (
				1B867FD8139D4AD300AD6B47 /* RekoSDK.app */,
			);
			name = Products;
			sourceTree = "<group>";
		};
		1B867FDB139D4AD300AD6B47 /* Frameworks */ = {
			isa = PBXGroup;
			children = (
				08FCED39181C20090037D14B /* Security.framework */,
				4B676CF717DEFC6C008D06BB /* libiconv.dylib */,
				4B676CF517DEFC4A008D06BB /* libsqlite3.dylib */,
				4B676CF317DEFBD9008D06BB /* libstdc++.dylib */,
				4B676BB817DE8ECA008D06BB /* libz.dylib */,
				4B676CF117DEFBAF008D06BB /* libz.1.1.3.dylib */,
				4B676BB617DE8EBA008D06BB /* libz.1.2.5.dylib */,
				4B676BBA17DE8EE5008D06BB /* libsqlite3.0.dylib */,
				089DA0E517FA4887006A5745 /* CoreLocation.framework */,
				4BF6070717ED6A4E0095520C /* MobileCoreServices.framework */,
				4BF6070517ED69FC0095520C /* CFNetwork.framework */,
				4B676CF917DEFF2B008D06BB /* CoreTelephony.framework */,
				4B676BB417DE8EA7008D06BB /* Accelerate.framework */,
				4B676BB217DE8E9B008D06BB /* CoreData.framework */,
				4B676BB017DE8E8A008D06BB /* CoreText.framework */,
				4B676BAE17DE8E7E008D06BB /* MessageUI.framework */,
				4B676BAA17DE8E6C008D06BB /* OpenGLES.framework */,
				A5DDD37E1769295A001616EA /* AudioToolbox.framework */,
				A58A4BE817641DE2007C8DB8 /* Accounts.framework */,
				A58A4BE617641AE1007C8DB8 /* Social.framework */,
				A53029EC1759133700B69B73 /* SystemConfiguration.framework */,
				1B3C9A33139D4EAA0042676B /* ImageIO.framework */,
				1B3C9A31139D4E740042676B /* QuartzCore.framework */,
				1B3C9A2F139D4E5F0042676B /* CoreMedia.framework */,
				1B3C9A2D139D4E350042676B /* AssetsLibrary.framework */,
				1B3C9A2B139D4E1C0042676B /* CoreImage.framework */,
				1B3C9A29139D4E150042676B /* AVFoundation.framework */,
				1B3C9A26139D4E0F0042676B /* CoreVideo.framework */,
				1B867FDC139D4AD300AD6B47 /* UIKit.framework */,
				1B867FDE139D4AD300AD6B47 /* Foundation.framework */,
				1B867FE0139D4AD300AD6B47 /* CoreGraphics.framework */,
			);
			name = Frameworks;
			sourceTree = "<group>";
		};
		1B867FE2139D4AD300AD6B47 /* RekoSDK */ = {
			isa = PBXGroup;
			children = (
				08D5E727180691180019B6B4 /* StacheCamAppDelegate.h */,
				08D5E728180691180019B6B4 /* StacheCamAppDelegate.m */,
				08FCED3B181C26040037D14B /* RootViewController.h */,
				08FCED3C181C26040037D14B /* RootViewController.m */,
				08FCED3E181C38C40037D14B /* DropboxImageLoader.h */,
				08FCED3F181C38C40037D14B /* DropboxImageLoader.m */,
				08DED432181C652700BC6413 /* RekoPipe.h */,
				08DED433181C652700BC6413 /* RekoPipe.m */,
				08FCED37181C1FD10037D14B /* DropboxSDK.framework */,
				0815153C181BACDA00A01FCC /* DBChooser.bundle */,
				0815153D181BACDA00A01FCC /* DBChooser.framework */,
				1B867FE3139D4AD300AD6B47 /* Supporting Files */,
			);
			path = RekoSDK;
			sourceTree = "<group>";
		};
		1B867FE3139D4AD300AD6B47 /* Supporting Files */ = {
			isa = PBXGroup;
			children = (
				08D5E72E180692F50019B6B4 /* RekoSDK-Info.plist */,
				1B867FE5139D4AD300AD6B47 /* InfoPlist.strings */,
				1B867FE8139D4AD300AD6B47 /* main.m */,
				1B867FEA139D4AD300AD6B47 /* RekoSDK-Prefix.pch */,
			);
			name = "Supporting Files";
			sourceTree = "<group>";
		};
/* End PBXGroup section */

/* Begin PBXNativeTarget section */
		1B867FD7139D4AD300AD6B47 /* RekoSDK */ = {
			isa = PBXNativeTarget;
			buildConfigurationList = 1B867FFA139D4AD300AD6B47 /* Build configuration list for PBXNativeTarget "RekoSDK" */;
			buildPhases = (
				1B867FD4139D4AD300AD6B47 /* Sources */,
				1B867FD5139D4AD300AD6B47 /* Frameworks */,
				1B867FD6139D4AD300AD6B47 /* Resources */,
			);
			buildRules = (
			);
			dependencies = (
			);
			name = RekoSDK;
			productName = StacheCam;
			productReference = 1B867FD8139D4AD300AD6B47 /* RekoSDK.app */;
			productType = "com.apple.product-type.application";
		};
/* End PBXNativeTarget section */

/* Begin PBXProject section */
		1B867FCF139D4AD300AD6B47 /* Project object */ = {
			isa = PBXProject;
			attributes = {
				LastUpgradeCheck = 0450;
				TargetAttributes = {
					1B867FD7139D4AD300AD6B47 = {
						DevelopmentTeam = 84793CP8XX;
						SystemCapabilities = {
							com.apple.InAppPurchase = {
								enabled = 0;
							};
						};
					};
				};
			};
			buildConfigurationList = 1B867FD2139D4AD300AD6B47 /* Build configuration list for PBXProject "RekoSDK" */;
			compatibilityVersion = "Xcode 3.2";
			developmentRegion = English;
			hasScannedForEncodings = 0;
			knownRegions = (
				en,
			);
			mainGroup = 1B867FCD139D4AD300AD6B47;
			productRefGroup = 1B867FD9139D4AD300AD6B47 /* Products */;
			projectDirPath = "";
			projectRoot = "";
			targets = (
				1B867FD7139D4AD300AD6B47 /* RekoSDK */,
			);
		};
/* End PBXProject section */

/* Begin PBXResourcesBuildPhase section */
		1B867FD6139D4AD300AD6B47 /* Resources */ = {
			isa = PBXResourcesBuildPhase;
			buildActionMask = 2147483647;
			files = (
				1B867FE7139D4AD300AD6B47 /* InfoPlist.strings in Resources */,
				08D5E72F180692F50019B6B4 /* RekoSDK-Info.plist in Resources */,
				0815153E181BACDA00A01FCC /* DBChooser.bundle in Resources */,
			);
			runOnlyForDeploymentPostprocessing = 0;
		};
/* End PBXResourcesBuildPhase section */

/* Begin PBXSourcesBuildPhase section */
		1B867FD4139D4AD300AD6B47 /* Sources */ = {
			isa = PBXSourcesBuildPhase;
			buildActionMask = 2147483647;
			files = (
				1B867FE9139D4AD300AD6B47 /* main.m in Sources */,
				089B242118317140000BA6F8 /* UIImageRotationFixer.m in Sources */,
				089B241E18317140000BA6F8 /* FaceThumbnailCropper.m in Sources */,
				08FCED3D181C26040037D14B /* RootViewController.m in Sources */,
				08DED434181C652700BC6413 /* RekoPipe.m in Sources */,
				089B241F18317140000BA6F8 /* ReKognitionResults.m in Sources */,
				08D5E72B180691180019B6B4 /* StacheCamAppDelegate.m in Sources */,
				089B242018317140000BA6F8 /* RekognitionSDK.m in Sources */,
				08FCED40181C38C40037D14B /* DropboxImageLoader.m in Sources */,
			);
			runOnlyForDeploymentPostprocessing = 0;
		};
/* End PBXSourcesBuildPhase section */

/* Begin PBXVariantGroup section */
		1B867FE5139D4AD300AD6B47 /* InfoPlist.strings */ = {
			isa = PBXVariantGroup;
			children = (
				1B867FE6139D4AD300AD6B47 /* en */,
			);
			name = InfoPlist.strings;
			sourceTree = "<group>";
		};
/* End PBXVariantGroup section */

/* Begin XCBuildConfiguration section */
		1B867FF8139D4AD300AD6B47 /* Debug */ = {
			isa = XCBuildConfiguration;
			buildSettings = {
				ARCHS = armv7;
				CLANG_ENABLE_OBJC_ARC = YES;
				CODE_SIGN_IDENTITY = "iPhone Developer: Yushan Chen (DDA6P32KGK)";
				"CODE_SIGN_IDENTITY[sdk=iphoneos*]" = "iPhone Developer: Yushan Chen (DDA6P32KGK)";
				COPY_PHASE_STRIP = NO;
				GCC_OPTIMIZATION_LEVEL = 0;
				GCC_PREPROCESSOR_DEFINITIONS = (
					"DEBUG=1",
					"$(inherited)",
				);
				GCC_WARN_ABOUT_MISSING_PROTOTYPES = YES;
				GCC_WARN_ABOUT_RETURN_TYPE = YES;
				GCC_WARN_UNUSED_VARIABLE = YES;
				PROVISIONING_PROFILE = "";
				SDKROOT = iphoneos7.0;
				TARGETED_DEVICE_FAMILY = "1,2";
				VALID_ARCHS = armv7;
			};
			name = Debug;
		};
		1B867FF9139D4AD300AD6B47 /* Release */ = {
			isa = XCBuildConfiguration;
			buildSettings = {
				ARCHS = armv7;
				CLANG_ENABLE_OBJC_ARC = YES;
				CODE_SIGN_IDENTITY = "iPhone Developer: Yushan Chen (DDA6P32KGK)";
				"CODE_SIGN_IDENTITY[sdk=iphoneos*]" = "iPhone Developer: Yushan Chen (DDA6P32KGK)";
				COPY_PHASE_STRIP = YES;
				GCC_WARN_ABOUT_MISSING_PROTOTYPES = YES;
				GCC_WARN_ABOUT_RETURN_TYPE = YES;
				GCC_WARN_UNUSED_VARIABLE = YES;
				OTHER_CFLAGS = "-DNS_BLOCK_ASSERTIONS=1";
				PROVISIONING_PROFILE = "";
				SDKROOT = iphoneos7.0;
				TARGETED_DEVICE_FAMILY = "1,2";
				VALIDATE_PRODUCT = YES;
				VALID_ARCHS = armv7;
			};
			name = Release;
		};
		1B867FFB139D4AD300AD6B47 /* Debug */ = {
			isa = XCBuildConfiguration;
			buildSettings = {
				ARCHS = armv7;
				CLANG_WARN_EMPTY_BODY = YES;
				CLANG_WARN__DUPLICATE_METHOD_MATCH = YES;
				CODE_SIGN_IDENTITY = "iPhone Developer";
				"CODE_SIGN_IDENTITY[sdk=iphoneos*]" = "iPhone Developer";
				FRAMEWORK_SEARCH_PATHS = (
					"$(SRCROOT)",
					"/Users/kuanghan/Desktop/Swift\\ SDK/RekoSDK/gen-cocoa",
					"/Users/kuanghan/Desktop/Swift\\ SDK/RekoSDK",
					/Users/kuanghan/Desktop/GoogleHackathon/RekoSDK,
				);
				GCC_C_LANGUAGE_STANDARD = gnu99;
				GCC_PRECOMPILE_PREFIX_HEADER = YES;
				GCC_PREFIX_HEADER = "RekoSDK/RekoSDK-Prefix.pch";
				GCC_WARN_ABOUT_MISSING_PROTOTYPES = NO;
				GCC_WARN_UNINITIALIZED_AUTOS = YES;
				HEADER_SEARCH_PATHS = "";
				INFOPLIST_FILE = "$(SRCROOT)/RekoSDK/RekoSDK-Info.plist";
				IPHONEOS_DEPLOYMENT_TARGET = 6.0;
				LIBRARY_SEARCH_PATHS = (
					"$(inherited)",
					"$(SRCROOT)/RekoSDK/opencv2/libs",
				);
				OTHER_LDFLAGS = "-ObjC";
				PRODUCT_NAME = RekoSDK;
				PROVISIONING_PROFILE = "";
				"PROVISIONING_PROFILE[sdk=iphoneos*]" = "";
				TARGETED_DEVICE_FAMILY = 1;
				USER_HEADER_SEARCH_PATHS = "";
				VALID_ARCHS = armv7;
				WRAPPER_EXTENSION = app;
			};
			name = Debug;
		};
		1B867FFC139D4AD300AD6B47 /* Release */ = {
			isa = XCBuildConfiguration;
			buildSettings = {
				ARCHS = armv7;
				CLANG_WARN_EMPTY_BODY = YES;
				CLANG_WARN__DUPLICATE_METHOD_MATCH = YES;
				CODE_SIGN_IDENTITY = "iPhone Developer";
				"CODE_SIGN_IDENTITY[sdk=iphoneos*]" = "iPhone Developer";
				FRAMEWORK_SEARCH_PATHS = (
					"$(SRCROOT)",
					"/Users/kuanghan/Desktop/Swift\\ SDK/RekoSDK/gen-cocoa",
					"/Users/kuanghan/Desktop/Swift\\ SDK/RekoSDK",
					/Users/kuanghan/Desktop/GoogleHackathon/RekoSDK,
				);
				GCC_C_LANGUAGE_STANDARD = gnu99;
				GCC_PRECOMPILE_PREFIX_HEADER = YES;
				GCC_PREFIX_HEADER = "RekoSDK/RekoSDK-Prefix.pch";
				GCC_WARN_ABOUT_MISSING_PROTOTYPES = NO;
				GCC_WARN_UNINITIALIZED_AUTOS = YES;
				HEADER_SEARCH_PATHS = "";
				INFOPLIST_FILE = "$(SRCROOT)/RekoSDK/RekoSDK-Info.plist";
				IPHONEOS_DEPLOYMENT_TARGET = 6.0;
				LIBRARY_SEARCH_PATHS = (
					"$(inherited)",
					"$(SRCROOT)/RekoSDK/opencv2/libs",
				);
				OTHER_LDFLAGS = "-ObjC";
				PRODUCT_NAME = RekoSDK;
				PROVISIONING_PROFILE = "";
				"PROVISIONING_PROFILE[sdk=iphoneos*]" = "";
				TARGETED_DEVICE_FAMILY = 1;
				USER_HEADER_SEARCH_PATHS = "";
				VALID_ARCHS = armv7;
				WRAPPER_EXTENSION = app;
			};
			name = Release;
		};
/* End XCBuildConfiguration section */

/* Begin XCConfigurationList section */
		1B867FD2139D4AD300AD6B47 /* Build configuration list for PBXProject "RekoSDK" */ = {
			isa = XCConfigurationList;
			buildConfigurations = (
				1B867FF8139D4AD300AD6B47 /* Debug */,
				1B867FF9139D4AD300AD6B47 /* Release */,
			);
			defaultConfigurationIsVisible = 0;
			defaultConfigurationName = Release;
		};
		1B867FFA139D4AD300AD6B47 /* Build configuration list for PBXNativeTarget "RekoSDK" */ = {
			isa = XCConfigurationList;
			buildConfigurations = (
				1B867FFB139D4AD300AD6B47 /* Debug */,
				1B867FFC139D4AD300AD6B47 /* Release */,
			);
			defaultConfigurationIsVisible = 0;
			defaultConfigurationName = Release;
		};
/* End XCConfigurationList section */
	};
	rootObject = 1B867FCF139D4AD300AD6B47 /* Project object */;
}
